
Microsoft Visual Studio Solution File, Format Version 12.00
# Visual Studio 15
VisualStudioVersion = 15.0.27428.2043
MinimumVisualStudioVersion = 10.0.40219.1
Project("{FAE04EC0-301F-11D3-BF4B-00C04F79EFBC}") = "HotelManagement", "HotelManagement\HotelManagement.csproj", "{3EC57D28-5D93-412C-85EF-DAEDCABB2930}"
EndProject
Global
	GlobalSection(SolutionConfigurationPlatforms) = preSolution
		Debug|Any CPU = Debug|Any CPU
		Release|Any CPU = Release|Any CPU
	EndGlobalSection
	GlobalSection(ProjectConfigurationPlatforms) = postSolution
		{3EC57D28-5D93-412C-85EF-DAEDCABB2930}.Debug|Any CPU.ActiveCfg = Debug|Any CPU
		{3EC57D28-5D93-412C-85EF-DAEDCABB2930}.Debug|Any CPU.Build.0 = Debug|Any CPU
		{3EC57D28-5D93-412C-85EF-DAEDCABB2930}.Release|Any CPU.ActiveCfg = Release|Any CPU
		{3EC57D28-5D93-412C-85EF-DAEDCABB2930}.Release|Any CPU.Build.0 = Release|Any CPU
	EndGlobalSection
	GlobalSection(SolutionProperties) = preSolution
		HideSolutionNode = FALSE
	EndGlobalSection
	GlobalSection(ExtensibilityGlobals) = postSolution
		SolutionGuid = {AE8E1DBD-E405-4B71-98A5-2AA954A7F636}
	EndGlobalSection
EndGlobal
